
Microsoft Visual Studio Solution File, Format Version 12.00
# Visual Studio Version 17
VisualStudioVersion = 17.8.34525.116
MinimumVisualStudioVersion = 10.0.40219.1
Project("{FAE04EC0-301F-11D3-BF4B-00C04F79EFBC}") = "ProjetoForms2", "ProjetoForms2\ProjetoForms2.csproj", "{AE28AE88-C733-4BE8-8007-275E1FA339CE}"
EndProject
Global
	GlobalSection(SolutionConfigurationPlatforms) = preSolution
		Debug|Any CPU = Debug|Any CPU
		Release|Any CPU = Release|Any CPU
	EndGlobalSection
	GlobalSection(ProjectConfigurationPlatforms) = postSolution
		{AE28AE88-C733-4BE8-8007-275E1FA339CE}.Debug|Any CPU.ActiveCfg = Debug|Any CPU
		{AE28AE88-C733-4BE8-8007-275E1FA339CE}.Debug|Any CPU.Build.0 = Debug|Any CPU
		{AE28AE88-C733-4BE8-8007-275E1FA339CE}.Release|Any CPU.ActiveCfg = Release|Any CPU
		{AE28AE88-C733-4BE8-8007-275E1FA339CE}.Release|Any CPU.Build.0 = Release|Any CPU
	EndGlobalSection
	GlobalSection(SolutionProperties) = preSolution
		HideSolutionNode = FALSE
	EndGlobalSection
	GlobalSection(ExtensibilityGlobals) = postSolution
		SolutionGuid = {557E16BF-C39F-4D27-B031-11D1FD1BEA62}
	EndGlobalSection
EndGlobal
